
Microsoft Visual Studio Solution File, Format Version 12.00
# Visual Studio Version 17
VisualStudioVersion = 17.13.35913.81 d17.13
MinimumVisualStudioVersion = 10.0.40219.1
Project("{FAE04EC0-301F-11D3-BF4B-00C04F79EFBC}") = "Filminurk", "Filminurk\Filminurk.csproj", "{47139C43-89CE-459D-89D1-A1D522A39528}"
EndProject
Global
	GlobalSection(SolutionConfigurationPlatforms) = preSolution
		Debug|Any CPU = Debug|Any CPU
		Release|Any CPU = Release|Any CPU
	EndGlobalSection
	GlobalSection(ProjectConfigurationPlatforms) = postSolution
		{47139C43-89CE-459D-89D1-A1D522A39528}.Debug|Any CPU.ActiveCfg = Debug|Any CPU
		{47139C43-89CE-459D-89D1-A1D522A39528}.Debug|Any CPU.Build.0 = Debug|Any CPU
		{47139C43-89CE-459D-89D1-A1D522A39528}.Release|Any CPU.ActiveCfg = Release|Any CPU
		{47139C43-89CE-459D-89D1-A1D522A39528}.Release|Any CPU.Build.0 = Release|Any CPU
	EndGlobalSection
	GlobalSection(SolutionProperties) = preSolution
		HideSolutionNode = FALSE
	EndGlobalSection
	GlobalSection(ExtensibilityGlobals) = postSolution
		SolutionGuid = {A81C3A1A-51F0-41A2-9EA9-2D10EAD45D71}
	EndGlobalSection
EndGlobal
